Microsoft Visual Studio Solution File, Format Version 12.00
# Visual Studio 2012
Project("{2150E333-8FDC-42A3-9474-1A3956D46DE8}") = ".nuget", ".nuget", "{948C7EAA-CF03-48C3-B4AC-3ADFBAA44D14}"
	ProjectSection(SolutionItems) = preProject
		.nuget\NuGet.Config = .nuget\NuGet.Config
		.nuget\nuget.exe = .nuget\nuget.exe
		.nuget\NuGet.targets = .nuget\NuGet.targets
	EndProjectSection
EndProject
Project("{FAE04EC0-301F-11D3-BF4B-00C04F79EFBC}") = "DeltaEngine.Graphics", "Graphics\DeltaEngine.Graphics.csproj", "{8F701B0D-48B6-45CF-85E0-286BD53328BA}"
EndProject
Project("{FAE04EC0-301F-11D3-BF4B-00C04F79EFBC}") = "DeltaEngine.Platforms", "Platforms\DeltaEngine.Platforms.csproj", "{BAE8830E-5F62-48D6-B772-C4B1E8665FB3}"
EndProject
Project("{FAE04EC0-301F-11D3-BF4B-00C04F79EFBC}") = "DeltaEngine.Graphics.Tests", "Graphics\Tests\DeltaEngine.Graphics.Tests.csproj", "{B7E2C5AF-3EE2-4820-B2AE-62BC8D0FB7AC}"
EndProject
Project("{FAE04EC0-301F-11D3-BF4B-00C04F79EFBC}") = "DeltaEngine.Platforms.Tests", "Platforms\Tests\DeltaEngine.Platforms.Tests.csproj", "{D0AAD622-ED82-40E5-88A9-980EAFC12C16}"
EndProject
Project("{FAE04EC0-301F-11D3-BF4B-00C04F79EFBC}") = "DeltaEngine.Rendering", "Rendering\DeltaEngine.Rendering.csproj", "{BDDB4AA4-5D31-43B3-9A3B-BF3030EDE927}"
EndProject
Project("{FAE04EC0-301F-11D3-BF4B-00C04F79EFBC}") = "DeltaEngine.Rendering.Tests", "Rendering\Tests\DeltaEngine.Rendering.Tests.csproj", "{D24FD291-F379-4AA1-9C0E-D664EBBECBC9}"
EndProject
Project("{FAE04EC0-301F-11D3-BF4B-00C04F79EFBC}") = "DeltaEngine.Graphics.Xna", "Graphics\Xna\DeltaEngine.Graphics.Xna.csproj", "{CC533B9B-FC08-411A-B02D-9BB0E2DD90EC}"
EndProject
Project("{FAE04EC0-301F-11D3-BF4B-00C04F79EFBC}") = "DeltaEngine.WindowsXna", "Platforms\WindowsXna\DeltaEngine.WindowsXna.csproj", "{07E9D341-4B22-48FE-B921-5D18D3AB2C49}"
EndProject
Project("{FAE04EC0-301F-11D3-BF4B-00C04F79EFBC}") = "DeltaEngine.Platforms.Windows", "Platforms\Windows\DeltaEngine.Platforms.Windows.csproj", "{BD8A80E2-A313-437E-B0EF-FC0B066280A7}"
EndProject
Project("{FAE04EC0-301F-11D3-BF4B-00C04F79EFBC}") = "DeltaEngine.Input", "Input\DeltaEngine.Input.csproj", "{CC65E69E-FAFD-4C2B-85EB-5E57FD3AF847}"
EndProject
Project("{FAE04EC0-301F-11D3-BF4B-00C04F79EFBC}") = "DeltaEngine.Input.Tests", "Input\Tests\DeltaEngine.Input.Tests.csproj", "{92242E5E-5077-48B8-8D8B-AE7108C46FF9}"
EndProject
Project("{FAE04EC0-301F-11D3-BF4B-00C04F79EFBC}") = "DeltaEngine.Input.Xna", "Input\Xna\DeltaEngine.Input.Xna.csproj", "{5D28C1B5-43AD-4E69-840D-B068C3844589}"
EndProject
Project("{FAE04EC0-301F-11D3-BF4B-00C04F79EFBC}") = "DeltaEngine.Multimedia.Tests", "Multimedia\Tests\DeltaEngine.Multimedia.Tests.csproj", "{D0C8456F-A4AC-4B6E-92AB-F71B0D19B01C}"
EndProject
Project("{FAE04EC0-301F-11D3-BF4B-00C04F79EFBC}") = "DeltaEngine.Multimedia.Xna", "Multimedia\Xna\DeltaEngine.Multimedia.Xna.csproj", "{70773E53-5D8E-4218-8AFA-0A07E48FD4A2}"
EndProject
Project("{FAE04EC0-301F-11D3-BF4B-00C04F79EFBC}") = "DeltaEngine.Content.Xml", "Content\Xml\DeltaEngine.Content.Xml.csproj", "{138A40B5-3D80-4BA3-BD84-D82C151EE7FE}"
EndProject
Project("{FAE04EC0-301F-11D3-BF4B-00C04F79EFBC}") = "DeltaEngine.Content.Xml.Tests", "Content\Xml\Tests\DeltaEngine.Content.Xml.Tests.csproj", "{B528E84A-12F3-4981-B749-B3FE19937345}"
EndProject
Project("{FAE04EC0-301F-11D3-BF4B-00C04F79EFBC}") = "DeltaEngine.Networking", "Networking\DeltaEngine.Networking.csproj", "{5231706E-2955-43BF-9C06-291E12AF5C5C}"
EndProject
Project("{FAE04EC0-301F-11D3-BF4B-00C04F79EFBC}") = "DeltaEngine.Networking.Tests", "Networking\Tests\DeltaEngine.Networking.Tests.csproj", "{7C7FA004-D9FB-4B55-9E88-6FB8716B7A1F}"
EndProject
Project("{FAE04EC0-301F-11D3-BF4B-00C04F79EFBC}") = "DeltaEngine.Logging", "Logging\DeltaEngine.Logging.csproj", "{E4440567-3D5D-4670-AB49-8163B18E302E}"
EndProject
Project("{FAE04EC0-301F-11D3-BF4B-00C04F79EFBC}") = "DeltaEngine.Logging.Tests", "Logging\Tests\DeltaEngine.Logging.Tests.csproj", "{981FA2AC-78DC-4597-A2B3-63AE8502FDB2}"
EndProject
Project("{FAE04EC0-301F-11D3-BF4B-00C04F79EFBC}") = "DeltaEngine.Input.Xna.Tests", "Input\Xna\Tests\DeltaEngine.Input.Xna.Tests.csproj", "{1CF6EC3F-26C6-45E8-A3D1-8804C298BBCD}"
EndProject
Project("{FAE04EC0-301F-11D3-BF4B-00C04F79EFBC}") = "DeltaEngine.Scenes", "Scenes\DeltaEngine.Scenes.csproj", "{75BB4C75-DE36-47B3-9910-10EA8E8973B7}"
EndProject
Project("{FAE04EC0-301F-11D3-BF4B-00C04F79EFBC}") = "DeltaEngine.Scenes.Tests", "Scenes\Tests\DeltaEngine.Scenes.Tests.csproj", "{E9A37628-13C4-467D-A802-D517A89920C3}"
EndProject
Project("{FAE04EC0-301F-11D3-BF4B-00C04F79EFBC}") = "DeltaEngine.Content.Online", "Content\Online\DeltaEngine.Content.Online.csproj", "{68AA6280-09EF-4325-B5F8-B8A967004144}"
EndProject
Project("{FAE04EC0-301F-11D3-BF4B-00C04F79EFBC}") = "DeltaEngine.Multimedia.VideoStreams", "Multimedia\VideoStreams\DeltaEngine.Multimedia.VideoStreams.csproj", "{27487228-2ADB-447B-95D3-6F6053999281}"
EndProject
Project("{FAE04EC0-301F-11D3-BF4B-00C04F79EFBC}") = "DeltaEngine.Physics2D", "Physics2D\DeltaEngine.Physics2D.csproj", "{DC3AA434-09B9-43AD-8F43-431811FA054D}"
EndProject
Project("{FAE04EC0-301F-11D3-BF4B-00C04F79EFBC}") = "DeltaEngine.Physics2D.Farseer", "Physics2D\Farseer\DeltaEngine.Physics2D.Farseer.csproj", "{C983D137-8B7F-47BE-996E-894A3596DD06}"
EndProject
Project("{FAE04EC0-301F-11D3-BF4B-00C04F79EFBC}") = "DeltaEngine.Physics2D.Tests", "Physics2D\Tests\DeltaEngine.Physics2D.Tests.csproj", "{7DF79C3C-85F2-4068-97D8-B25C9173CD14}"
EndProject
Project("{FAE04EC0-301F-11D3-BF4B-00C04F79EFBC}") = "DeltaEngine.Physics2D.Farseer.Tests", "Physics2D\Farseer\Tests\DeltaEngine.Physics2D.Farseer.Tests.csproj", "{732E8F5E-0633-40FE-9AD3-FFE4E9971696}"
EndProject
Project("{FAE04EC0-301F-11D3-BF4B-00C04F79EFBC}") = "DeltaEngine.Content.Json", "Content\Json\DeltaEngine.Content.Json.csproj", "{F8411B87-8F40-4D86-A17D-939FEE017C56}"
EndProject
Project("{FAE04EC0-301F-11D3-BF4B-00C04F79EFBC}") = "DeltaEngine.Content.Json.Tests", "Content\Json\Tests\DeltaEngine.Content.Json.Tests.csproj", "{5E2AD5CD-ABC6-4047-9E12-CC33664BFE31}"
EndProject
Project("{FAE04EC0-301F-11D3-BF4B-00C04F79EFBC}") = "DeltaEngine.Profiling", "Profiling\DeltaEngine.Profiling.csproj", "{462DC673-E132-4A82-B49B-EC353D25B409}"
EndProject
Project("{FAE04EC0-301F-11D3-BF4B-00C04F79EFBC}") = "DeltaEngine.Profiling.Tests", "Profiling\Tests\DeltaEngine.Profiling.Tests.csproj", "{7E141EE2-2A2C-43DB-97AA-BE5351E45544}"
EndProject
Project("{FAE04EC0-301F-11D3-BF4B-00C04F79EFBC}") = "DeltaEngine.Platforms.Mocks", "Platforms\Mocks\DeltaEngine.Platforms.Mocks.csproj", "{BF968F20-246B-4F86-BB7B-377FD4B47A9F}"
EndProject
Project("{FAE04EC0-301F-11D3-BF4B-00C04F79EFBC}") = "LogoApp", "Samples\LogoApp\LogoApp.csproj", "{B94B117E-1A32-40C6-A93D-FD7012ED8D12}"
EndProject
Project("{FAE04EC0-301F-11D3-BF4B-00C04F79EFBC}") = "DeltaEngine.TestWithXna", "Platforms\TestWithXna\DeltaEngine.TestWithXna.csproj", "{D6D0CCE8-9850-4C28-A505-A1F5519FBE09}"
EndProject
Project("{FAE04EC0-301F-11D3-BF4B-00C04F79EFBC}") = "DeltaEngine", "DeltaEngine.csproj", "{20FA8D33-A964-4000-AD82-67BD6900793B}"
EndProject
Project("{FAE04EC0-301F-11D3-BF4B-00C04F79EFBC}") = "DeltaEngine.Tests", "Tests\DeltaEngine.Tests.csproj", "{17822284-7AE0-4C91-B444-CFECF4927A59}"
EndProject
Project("{FAE04EC0-301F-11D3-BF4B-00C04F79EFBC}") = "DeltaEngine.Content.Disk", "Content\Disk\DeltaEngine.Content.Disk.csproj", "{EE9847E1-9C76-4ACE-B531-D3EA84F7D741}"
EndProject
Project("{FAE04EC0-301F-11D3-BF4B-00C04F79EFBC}") = "DeltaEngine.Content.Disk.Tests", "Content\Disk\Tests\DeltaEngine.Content.Disk.Tests.csproj", "{AB05B30F-7DBB-4B5C-A7DA-70C215D85CA4}"
EndProject
Project("{FAE04EC0-301F-11D3-BF4B-00C04F79EFBC}") = "DeltaEngine.Content.Online.Tests", "Content\Online\Tests\DeltaEngine.Content.Online.Tests.csproj", "{5B62879D-6718-4384-B528-9A96D7EDC492}"
EndProject
Project("{FAE04EC0-301F-11D3-BF4B-00C04F79EFBC}") = "DeltaEngine.Content.Mocks", "Content\Mocks\DeltaEngine.Content.Mocks.csproj", "{BA0A7803-4A15-416E-BC93-69F5B9DFC4A5}"
EndProject
Project("{FAE04EC0-301F-11D3-BF4B-00C04F79EFBC}") = "DeltaEngine.Mocks", "Mocks\DeltaEngine.Mocks.csproj", "{A5F4EF37-7B5F-4AAE-BFF2-C2D04DB805F7}"
EndProject
Project("{FAE04EC0-301F-11D3-BF4B-00C04F79EFBC}") = "DeltaEngine.Graphics.Mocks", "Graphics\Mocks\DeltaEngine.Graphics.Mocks.csproj", "{F4D2EF4F-24F2-4D4A-BC93-78B0C5AD19A4}"
EndProject
Project("{FAE04EC0-301F-11D3-BF4B-00C04F79EFBC}") = "DeltaEngine.Networking.Mocks", "Networking\Mocks\DeltaEngine.Networking.Mocks.csproj", "{1797C45C-F96B-4F95-BAAC-400910CAB473}"
EndProject
Project("{FAE04EC0-301F-11D3-BF4B-00C04F79EFBC}") = "DeltaEngine.Input.Mocks", "Input\MOcks\DeltaEngine.Input.Mocks.csproj", "{4E4D006D-9C6E-47DB-908D-674E0C8D98AA}"
EndProject
Project("{FAE04EC0-301F-11D3-BF4B-00C04F79EFBC}") = "DeltaEngine.Multimedia.Mocks", "Multimedia\Mocks\DeltaEngine.Multimedia.Mocks.csproj", "{BC9EE416-ABEC-4B61-801D-EBB5C699CB5D}"
EndProject
Project("{FAE04EC0-301F-11D3-BF4B-00C04F79EFBC}") = "DeltaEngine.Networking.Messages", "Networking\Messages\DeltaEngine.Networking.Messages.csproj", "{74863E62-A568-4C0A-A37F-F04BFA8EB9DB}"
EndProject
Project("{FAE04EC0-301F-11D3-BF4B-00C04F79EFBC}") = "LogoApp.Tests", "Samples\LogoApp\Tests\LogoApp.Tests.csproj", "{25E1F71B-C9D0-4CCC-84A5-4E66A589A3CA}"
EndProject
Project("{FAE04EC0-301F-11D3-BF4B-00C04F79EFBC}") = "DeltaEngine.Physics3D", "Physics3D\DeltaEngine.Physics3D.csproj", "{EA4135BF-0FFF-4714-ACC1-DEBB8381739F}"
EndProject
Project("{FAE04EC0-301F-11D3-BF4B-00C04F79EFBC}") = "DeltaEngine.Physics3D.Jitter", "Physics3D\Jitter\DeltaEngine.Physics3D.Jitter.csproj", "{560B70DE-F4D0-41A7-A684-406F08336543}"
EndProject
Project("{FAE04EC0-301F-11D3-BF4B-00C04F79EFBC}") = "DeltaEngine.Physics3D.Tests", "Physics3D\Tests\DeltaEngine.Physics3D.Tests.csproj", "{7C67C96E-A683-4848-8CF5-3BC1C3DA69D2}"
EndProject
Project("{FAE04EC0-301F-11D3-BF4B-00C04F79EFBC}") = "DeltaEngine.Physics3D.Jitter.Tests", "Physics3D\Jitter\Tests\DeltaEngine.Physics3D.Jitter.Tests.csproj", "{24A5C384-97E7-4D8B-9146-50A74E32D728}"
EndProject
Project("{FAE04EC0-301F-11D3-BF4B-00C04F79EFBC}") = "DeltaEngine.Rendering.Cameras", "Rendering\Cameras\DeltaEngine.Rendering.Cameras.csproj", "{F5992CBF-8E17-4EB0-B483-F1DE7993C416}"
EndProject
Project("{FAE04EC0-301F-11D3-BF4B-00C04F79EFBC}") = "DeltaEngine.Rendering.Fonts", "Rendering\Fonts\DeltaEngine.Rendering.Fonts.csproj", "{4A00FD90-FF7B-4250-9CBC-B6855130090B}"
EndProject
Project("{FAE04EC0-301F-11D3-BF4B-00C04F79EFBC}") = "DeltaEngine.Rendering.Particles", "Rendering\Particles\DeltaEngine.Rendering.Particles.csproj", "{BECE691C-BAC6-434B-B1F9-4D8653922585}"
EndProject
Project("{FAE04EC0-301F-11D3-BF4B-00C04F79EFBC}") = "DeltaEngine.Rendering.Shapes", "Rendering\Shapes\DeltaEngine.Rendering.Shapes.csproj", "{BB73D940-CBD2-4F00-B246-2A25CA5ACD7E}"
EndProject
Project("{FAE04EC0-301F-11D3-BF4B-00C04F79EFBC}") = "DeltaEngine.Rendering.Shapes3D", "Rendering\Shapes3D\DeltaEngine.Rendering.Shapes3D.csproj", "{C9CB5DFF-6BF8-4BC8-9148-FBC85FF5A203}"
EndProject
Project("{FAE04EC0-301F-11D3-BF4B-00C04F79EFBC}") = "DeltaEngine.Rendering.Sprites", "Rendering\Sprites\DeltaEngine.Rendering.Sprites.csproj", "{FCA7BAAA-3F6E-4CA3-B354-C34AF4F1BDDD}"
EndProject
Project("{FAE04EC0-301F-11D3-BF4B-00C04F79EFBC}") = "DeltaEngine.Rendering.Triggers", "Rendering\Triggers\DeltaEngine.Rendering.Triggers.csproj", "{5423079E-7FB8-4190-AEE1-100EF328E74E}"
EndProject
Project("{FAE04EC0-301F-11D3-BF4B-00C04F79EFBC}") = "DeltaEngine.Rendering.Models", "Rendering\Models\DeltaEngine.Rendering.Models.csproj", "{701FDD1A-6B8A-4CA9-B796-AC9546233F47}"
EndProject
Project("{FAE04EC0-301F-11D3-BF4B-00C04F79EFBC}") = "DeltaEngine.Rendering.Cameras.Tests", "Rendering\Cameras\Tests\DeltaEngine.Rendering.Cameras.Tests.csproj", "{E84AA17D-9F3E-4717-9191-B8BEC54A49F5}"
EndProject
Project("{FAE04EC0-301F-11D3-BF4B-00C04F79EFBC}") = "DeltaEngine.Rendering.Models.Tests", "Rendering\Models\Tests\DeltaEngine.Rendering.Models.Tests.csproj", "{87D99DD6-4C99-469E-BAF3-7D552FAFB4D6}"
EndProject
Project("{FAE04EC0-301F-11D3-BF4B-00C04F79EFBC}") = "DeltaEngine.Rendering.Particles.Tests", "Rendering\Particles\Tests\DeltaEngine.Rendering.Particles.Tests.csproj", "{1F1BD28D-3EB3-4102-9F7A-7D64D90CF676}"
EndProject
Project("{FAE04EC0-301F-11D3-BF4B-00C04F79EFBC}") = "DeltaEngine.Rendering.Shapes.Tests", "Rendering\Shapes\Tests\DeltaEngine.Rendering.Shapes.Tests.csproj", "{ADCF2136-B5C7-422A-9D3A-E17CE906AED4}"
EndProject
Project("{FAE04EC0-301F-11D3-BF4B-00C04F79EFBC}") = "DeltaEngine.Rendering.Shapes3D.Tests", "Rendering\Shapes3D\Tests\DeltaEngine.Rendering.Shapes3D.Tests.csproj", "{1C94030F-3769-489D-BFFD-E2240031205B}"
EndProject
Project("{FAE04EC0-301F-11D3-BF4B-00C04F79EFBC}") = "DeltaEngine.Rendering.Sprites.Tests", "Rendering\Sprites\Tests\DeltaEngine.Rendering.Sprites.Tests.csproj", "{30DFE690-F6D2-4B58-9793-6F6C2456ED07}"
EndProject
Project("{FAE04EC0-301F-11D3-BF4B-00C04F79EFBC}") = "DeltaEngine.Rendering.Triggers.Tests", "Rendering\Triggers\Tests\DeltaEngine.Rendering.Triggers.Tests.csproj", "{E7AECA93-E30C-4990-AC36-3AF7C187BA08}"
EndProject
Project("{FAE04EC0-301F-11D3-BF4B-00C04F79EFBC}") = "DeltaEngine.Rendering.Fonts.Tests", "Rendering\Fonts\Tests\DeltaEngine.Rendering.Fonts.Tests.csproj", "{75E03D31-12B1-446C-A8A1-92924568AC8E}"
EndProject
Project("{FAE04EC0-301F-11D3-BF4B-00C04F79EFBC}") = "DeltaEngine.Rendering.Graphs", "Rendering\Graphs\DeltaEngine.Rendering.Graphs.csproj", "{BFD23A13-90D3-46FC-8EAB-78664F4FB37D}"
EndProject
Project("{FAE04EC0-301F-11D3-BF4B-00C04F79EFBC}") = "DeltaEngine.Rendering.Graphs.Tests", "Rendering\Graphs\Tests\DeltaEngine.Rendering.Graphs.Tests.csproj", "{93A69ABD-71DA-44BD-A102-E8034F6CE9C0}"
EndProject
Project("{FAE04EC0-301F-11D3-BF4B-00C04F79EFBC}") = "DeltaEngine.Rendering.Mocks", "Rendering\Mocks\DeltaEngine.Rendering.Mocks.csproj", "{DE00BA97-4ABF-443A-82B2-2D2947DAA0B4}"
EndProject
Project("{2150E333-8FDC-42A3-9474-1A3956D46DE8}") = "Logging", "Logging", "{127d4d6c-855e-41b4-8779-4a01110f73c8}"
EndProject
Project("{2150E333-8FDC-42A3-9474-1A3956D46DE8}") = "Scenes", "Scenes", "{1513702f-147e-46fb-9962-ddbaeb16082c}"
EndProject
Project("{2150E333-8FDC-42A3-9474-1A3956D46DE8}") = "Mocks", "Mocks", "{28f6f5a7-3de1-4b6a-94bd-2372e2fff600}"
EndProject
Project("{2150E333-8FDC-42A3-9474-1A3956D46DE8}") = "WindowsXna", "WindowsXna", "{31b1ff54-bd73-4215-b021-9abfac705fbe}"
EndProject
Project("{2150E333-8FDC-42A3-9474-1A3956D46DE8}") = "Profiling", "Profiling", "{428ad5ba-3688-4e01-a924-cfac43f7f38c}"
EndProject
Project("{2150E333-8FDC-42A3-9474-1A3956D46DE8}") = "Networking", "Networking", "{48b38120-ce1d-4c56-8516-486f2fda01b4}"
EndProject
Project("{2150E333-8FDC-42A3-9474-1A3956D46DE8}") = "TestWithXna", "TestWithXna", "{4daa45a5-e381-4c89-81f3-071bea82b158}"
EndProject
Project("{2150E333-8FDC-42A3-9474-1A3956D46DE8}") = "Platforms", "Platforms", "{6985f5ac-eaa4-4422-8042-48125193f665}"
EndProject
Project("{2150E333-8FDC-42A3-9474-1A3956D46DE8}") = "Physics2D", "Physics2D", "{77e03106-2742-4390-8fe4-74f42fd2b8f4}"
EndProject
Project("{2150E333-8FDC-42A3-9474-1A3956D46DE8}") = "Rendering", "Rendering", "{8a7231a5-cec0-4c12-ab18-19edcf358842}"
EndProject
Project("{2150E333-8FDC-42A3-9474-1A3956D46DE8}") = "Graphics", "Graphics", "{9727c333-76ab-4e0d-96bd-d3ef8bd7f1d9}"
EndProject
Project("{2150E333-8FDC-42A3-9474-1A3956D46DE8}") = "Multimedia", "Multimedia", "{c102be03-f394-4ccd-82bf-9aa30d86e525}"
EndProject
Project("{2150E333-8FDC-42A3-9474-1A3956D46DE8}") = "Input", "Input", "{c7a03131-3fb5-4af2-9210-dc2185db7173}"
EndProject
Project("{2150E333-8FDC-42A3-9474-1A3956D46DE8}") = "Content", "Content", "{fd49f3a5-cffd-4ce2-862a-fa479a2960f8}"
EndProject
Project("{2150E333-8FDC-42A3-9474-1A3956D46DE8}") = "Tests", "Tests", "{fe5f87ec-39f3-4366-92c8-e24811745b6d}"
EndProject
Global
	GlobalSection(SolutionConfigurationPlatforms) = preSolution
		Debug|Any CPU = Debug|Any CPU
		Release|Any CPU = Release|Any CPU
	EndGlobalSection
	GlobalSection(ProjectConfigurationPlatforms) = postSolution
		{8F701B0D-48B6-45CF-85E0-286BD53328BA}.Debug|Any CPU.ActiveCfg = Debug|Any CPU
		{8F701B0D-48B6-45CF-85E0-286BD53328BA}.Debug|Any CPU.Build.0 = Debug|Any CPU
		{8F701B0D-48B6-45CF-85E0-286BD53328BA}.Release|Any CPU.ActiveCfg = Release|Any CPU
		{8F701B0D-48B6-45CF-85E0-286BD53328BA}.Release|Any CPU.Build.0 = Release|Any CPU
		{BAE8830E-5F62-48D6-B772-C4B1E8665FB3}.Debug|Any CPU.ActiveCfg = Debug|Any CPU
		{BAE8830E-5F62-48D6-B772-C4B1E8665FB3}.Debug|Any CPU.Build.0 = Debug|Any CPU
		{BAE8830E-5F62-48D6-B772-C4B1E8665FB3}.Release|Any CPU.ActiveCfg = Release|Any CPU
		{BAE8830E-5F62-48D6-B772-C4B1E8665FB3}.Release|Any CPU.Build.0 = Release|Any CPU
		{B7E2C5AF-3EE2-4820-B2AE-62BC8D0FB7AC}.Debug|Any CPU.ActiveCfg = Debug|Any CPU
		{B7E2C5AF-3EE2-4820-B2AE-62BC8D0FB7AC}.Debug|Any CPU.Build.0 = Debug|Any CPU
		{B7E2C5AF-3EE2-4820-B2AE-62BC8D0FB7AC}.Release|Any CPU.ActiveCfg = Release|Any CPU
		{B7E2C5AF-3EE2-4820-B2AE-62BC8D0FB7AC}.Release|Any CPU.Build.0 = Release|Any CPU
		{D0AAD622-ED82-40E5-88A9-980EAFC12C16}.Debug|Any CPU.ActiveCfg = Debug|Any CPU
		{D0AAD622-ED82-40E5-88A9-980EAFC12C16}.Debug|Any CPU.Build.0 = Debug|Any CPU
		{D0AAD622-ED82-40E5-88A9-980EAFC12C16}.Release|Any CPU.ActiveCfg = Release|Any CPU
		{D0AAD622-ED82-40E5-88A9-980EAFC12C16}.Release|Any CPU.Build.0 = Release|Any CPU
		{BDDB4AA4-5D31-43B3-9A3B-BF3030EDE927}.Debug|Any CPU.ActiveCfg = Debug|Any CPU
		{BDDB4AA4-5D31-43B3-9A3B-BF3030EDE927}.Debug|Any CPU.Build.0 = Debug|Any CPU
		{BDDB4AA4-5D31-43B3-9A3B-BF3030EDE927}.Release|Any CPU.ActiveCfg = Release|Any CPU
		{BDDB4AA4-5D31-43B3-9A3B-BF3030EDE927}.Release|Any CPU.Build.0 = Release|Any CPU
		{D24FD291-F379-4AA1-9C0E-D664EBBECBC9}.Debug|Any CPU.ActiveCfg = Debug|Any CPU
		{D24FD291-F379-4AA1-9C0E-D664EBBECBC9}.Debug|Any CPU.Build.0 = Debug|Any CPU
		{D24FD291-F379-4AA1-9C0E-D664EBBECBC9}.Release|Any CPU.ActiveCfg = Release|Any CPU
		{D24FD291-F379-4AA1-9C0E-D664EBBECBC9}.Release|Any CPU.Build.0 = Release|Any CPU
		{CC533B9B-FC08-411A-B02D-9BB0E2DD90EC}.Debug|Any CPU.ActiveCfg = Debug|Any CPU
		{CC533B9B-FC08-411A-B02D-9BB0E2DD90EC}.Debug|Any CPU.Build.0 = Debug|Any CPU
		{CC533B9B-FC08-411A-B02D-9BB0E2DD90EC}.Release|Any CPU.ActiveCfg = Release|Any CPU
		{CC533B9B-FC08-411A-B02D-9BB0E2DD90EC}.Release|Any CPU.Build.0 = Release|Any CPU
		{07E9D341-4B22-48FE-B921-5D18D3AB2C49}.Debug|Any CPU.ActiveCfg = Debug|Any CPU
		{07E9D341-4B22-48FE-B921-5D18D3AB2C49}.Debug|Any CPU.Build.0 = Debug|Any CPU
		{07E9D341-4B22-48FE-B921-5D18D3AB2C49}.Release|Any CPU.ActiveCfg = Release|Any CPU
		{07E9D341-4B22-48FE-B921-5D18D3AB2C49}.Release|Any CPU.Build.0 = Release|Any CPU
		{BD8A80E2-A313-437E-B0EF-FC0B066280A7}.Debug|Any CPU.ActiveCfg = Debug|Any CPU
		{BD8A80E2-A313-437E-B0EF-FC0B066280A7}.Debug|Any CPU.Build.0 = Debug|Any CPU
		{BD8A80E2-A313-437E-B0EF-FC0B066280A7}.Release|Any CPU.ActiveCfg = Release|Any CPU
		{BD8A80E2-A313-437E-B0EF-FC0B066280A7}.Release|Any CPU.Build.0 = Release|Any CPU
		{CC65E69E-FAFD-4C2B-85EB-5E57FD3AF847}.Debug|Any CPU.ActiveCfg = Debug|Any CPU
		{CC65E69E-FAFD-4C2B-85EB-5E57FD3AF847}.Debug|Any CPU.Build.0 = Debug|Any CPU
		{CC65E69E-FAFD-4C2B-85EB-5E57FD3AF847}.Release|Any CPU.ActiveCfg = Release|Any CPU
		{CC65E69E-FAFD-4C2B-85EB-5E57FD3AF847}.Release|Any CPU.Build.0 = Release|Any CPU
		{92242E5E-5077-48B8-8D8B-AE7108C46FF9}.Debug|Any CPU.ActiveCfg = Debug|Any CPU
		{92242E5E-5077-48B8-8D8B-AE7108C46FF9}.Debug|Any CPU.Build.0 = Debug|Any CPU
		{92242E5E-5077-48B8-8D8B-AE7108C46FF9}.Release|Any CPU.ActiveCfg = Release|Any CPU
		{92242E5E-5077-48B8-8D8B-AE7108C46FF9}.Release|Any CPU.Build.0 = Release|Any CPU
		{5D28C1B5-43AD-4E69-840D-B068C3844589}.Debug|Any CPU.ActiveCfg = Debug|Any CPU
		{5D28C1B5-43AD-4E69-840D-B068C3844589}.Debug|Any CPU.Build.0 = Debug|Any CPU
		{5D28C1B5-43AD-4E69-840D-B068C3844589}.Release|Any CPU.ActiveCfg = Release|Any CPU
		{5D28C1B5-43AD-4E69-840D-B068C3844589}.Release|Any CPU.Build.0 = Release|Any CPU
		{D0C8456F-A4AC-4B6E-92AB-F71B0D19B01C}.Debug|Any CPU.ActiveCfg = Debug|Any CPU
		{D0C8456F-A4AC-4B6E-92AB-F71B0D19B01C}.Debug|Any CPU.Build.0 = Debug|Any CPU
		{D0C8456F-A4AC-4B6E-92AB-F71B0D19B01C}.Release|Any CPU.ActiveCfg = Release|Any CPU
		{D0C8456F-A4AC-4B6E-92AB-F71B0D19B01C}.Release|Any CPU.Build.0 = Release|Any CPU
		{70773E53-5D8E-4218-8AFA-0A07E48FD4A2}.Debug|Any CPU.ActiveCfg = Debug|Any CPU
		{70773E53-5D8E-4218-8AFA-0A07E48FD4A2}.Debug|Any CPU.Build.0 = Debug|Any CPU
		{70773E53-5D8E-4218-8AFA-0A07E48FD4A2}.Release|Any CPU.ActiveCfg = Release|Any CPU
		{70773E53-5D8E-4218-8AFA-0A07E48FD4A2}.Release|Any CPU.Build.0 = Release|Any CPU
		{138A40B5-3D80-4BA3-BD84-D82C151EE7FE}.Debug|Any CPU.ActiveCfg = Debug|Any CPU
		{138A40B5-3D80-4BA3-BD84-D82C151EE7FE}.Debug|Any CPU.Build.0 = Debug|Any CPU
		{138A40B5-3D80-4BA3-BD84-D82C151EE7FE}.Release|Any CPU.ActiveCfg = Release|Any CPU
		{138A40B5-3D80-4BA3-BD84-D82C151EE7FE}.Release|Any CPU.Build.0 = Release|Any CPU
		{B528E84A-12F3-4981-B749-B3FE19937345}.Debug|Any CPU.ActiveCfg = Debug|Any CPU
		{B528E84A-12F3-4981-B749-B3FE19937345}.Debug|Any CPU.Build.0 = Debug|Any CPU
		{B528E84A-12F3-4981-B749-B3FE19937345}.Release|Any CPU.ActiveCfg = Release|Any CPU
		{B528E84A-12F3-4981-B749-B3FE19937345}.Release|Any CPU.Build.0 = Release|Any CPU
		{5231706E-2955-43BF-9C06-291E12AF5C5C}.Debug|Any CPU.ActiveCfg = Debug|Any CPU
		{5231706E-2955-43BF-9C06-291E12AF5C5C}.Debug|Any CPU.Build.0 = Debug|Any CPU
		{5231706E-2955-43BF-9C06-291E12AF5C5C}.Release|Any CPU.ActiveCfg = Release|Any CPU
		{5231706E-2955-43BF-9C06-291E12AF5C5C}.Release|Any CPU.Build.0 = Release|Any CPU
		{7C7FA004-D9FB-4B55-9E88-6FB8716B7A1F}.Debug|Any CPU.ActiveCfg = Debug|Any CPU
		{7C7FA004-D9FB-4B55-9E88-6FB8716B7A1F}.Debug|Any CPU.Build.0 = Debug|Any CPU
		{7C7FA004-D9FB-4B55-9E88-6FB8716B7A1F}.Release|Any CPU.ActiveCfg = Release|Any CPU
		{7C7FA004-D9FB-4B55-9E88-6FB8716B7A1F}.Release|Any CPU.Build.0 = Release|Any CPU
		{E4440567-3D5D-4670-AB49-8163B18E302E}.Debug|Any CPU.ActiveCfg = Debug|Any CPU
		{E4440567-3D5D-4670-AB49-8163B18E302E}.Debug|Any CPU.Build.0 = Debug|Any CPU
		{E4440567-3D5D-4670-AB49-8163B18E302E}.Release|Any CPU.ActiveCfg = Release|Any CPU
		{E4440567-3D5D-4670-AB49-8163B18E302E}.Release|Any CPU.Build.0 = Release|Any CPU
		{981FA2AC-78DC-4597-A2B3-63AE8502FDB2}.Debug|Any CPU.ActiveCfg = Debug|Any CPU
		{981FA2AC-78DC-4597-A2B3-63AE8502FDB2}.Debug|Any CPU.Build.0 = Debug|Any CPU
		{981FA2AC-78DC-4597-A2B3-63AE8502FDB2}.Release|Any CPU.ActiveCfg = Release|Any CPU
		{981FA2AC-78DC-4597-A2B3-63AE8502FDB2}.Release|Any CPU.Build.0 = Release|Any CPU
		{1CF6EC3F-26C6-45E8-A3D1-8804C298BBCD}.Debug|Any CPU.ActiveCfg = Debug|Any CPU
		{1CF6EC3F-26C6-45E8-A3D1-8804C298BBCD}.Debug|Any CPU.Build.0 = Debug|Any CPU
		{1CF6EC3F-26C6-45E8-A3D1-8804C298BBCD}.Release|Any CPU.ActiveCfg = Release|Any CPU
		{1CF6EC3F-26C6-45E8-A3D1-8804C298BBCD}.Release|Any CPU.Build.0 = Release|Any CPU
		{75BB4C75-DE36-47B3-9910-10EA8E8973B7}.Debug|Any CPU.ActiveCfg = Debug|Any CPU
		{75BB4C75-DE36-47B3-9910-10EA8E8973B7}.Debug|Any CPU.Build.0 = Debug|Any CPU
		{75BB4C75-DE36-47B3-9910-10EA8E8973B7}.Release|Any CPU.ActiveCfg = Release|Any CPU
		{75BB4C75-DE36-47B3-9910-10EA8E8973B7}.Release|Any CPU.Build.0 = Release|Any CPU
		{E9A37628-13C4-467D-A802-D517A89920C3}.Debug|Any CPU.ActiveCfg = Debug|Any CPU
		{E9A37628-13C4-467D-A802-D517A89920C3}.Debug|Any CPU.Build.0 = Debug|Any CPU
		{E9A37628-13C4-467D-A802-D517A89920C3}.Release|Any CPU.ActiveCfg = Release|Any CPU
		{E9A37628-13C4-467D-A802-D517A89920C3}.Release|Any CPU.Build.0 = Release|Any CPU
		{68AA6280-09EF-4325-B5F8-B8A967004144}.Debug|Any CPU.ActiveCfg = Debug|Any CPU
		{68AA6280-09EF-4325-B5F8-B8A967004144}.Debug|Any CPU.Build.0 = Debug|Any CPU
		{68AA6280-09EF-4325-B5F8-B8A967004144}.Release|Any CPU.ActiveCfg = Release|Any CPU
		{68AA6280-09EF-4325-B5F8-B8A967004144}.Release|Any CPU.Build.0 = Release|Any CPU
		{27487228-2ADB-447B-95D3-6F6053999281}.Debug|Any CPU.ActiveCfg = Debug|Any CPU
		{27487228-2ADB-447B-95D3-6F6053999281}.Debug|Any CPU.Build.0 = Debug|Any CPU
		{27487228-2ADB-447B-95D3-6F6053999281}.Release|Any CPU.ActiveCfg = Release|Any CPU
		{27487228-2ADB-447B-95D3-6F6053999281}.Release|Any CPU.Build.0 = Release|Any CPU
		{DC3AA434-09B9-43AD-8F43-431811FA054D}.Debug|Any CPU.ActiveCfg = Debug|Any CPU
		{DC3AA434-09B9-43AD-8F43-431811FA054D}.Debug|Any CPU.Build.0 = Debug|Any CPU
		{DC3AA434-09B9-43AD-8F43-431811FA054D}.Release|Any CPU.ActiveCfg = Release|Any CPU
		{DC3AA434-09B9-43AD-8F43-431811FA054D}.Release|Any CPU.Build.0 = Release|Any CPU
		{C983D137-8B7F-47BE-996E-894A3596DD06}.Debug|Any CPU.ActiveCfg = Debug|Any CPU
		{C983D137-8B7F-47BE-996E-894A3596DD06}.Debug|Any CPU.Build.0 = Debug|Any CPU
		{C983D137-8B7F-47BE-996E-894A3596DD06}.Release|Any CPU.ActiveCfg = Release|Any CPU
		{C983D137-8B7F-47BE-996E-894A3596DD06}.Release|Any CPU.Build.0 = Release|Any CPU
		{7DF79C3C-85F2-4068-97D8-B25C9173CD14}.Debug|Any CPU.ActiveCfg = Debug|Any CPU
		{7DF79C3C-85F2-4068-97D8-B25C9173CD14}.Debug|Any CPU.Build.0 = Debug|Any CPU
		{7DF79C3C-85F2-4068-97D8-B25C9173CD14}.Release|Any CPU.ActiveCfg = Release|Any CPU
		{7DF79C3C-85F2-4068-97D8-B25C9173CD14}.Release|Any CPU.Build.0 = Release|Any CPU
		{732E8F5E-0633-40FE-9AD3-FFE4E9971696}.Debug|Any CPU.ActiveCfg = Debug|Any CPU
		{732E8F5E-0633-40FE-9AD3-FFE4E9971696}.Debug|Any CPU.Build.0 = Debug|Any CPU
		{732E8F5E-0633-40FE-9AD3-FFE4E9971696}.Release|Any CPU.ActiveCfg = Release|Any CPU
		{732E8F5E-0633-40FE-9AD3-FFE4E9971696}.Release|Any CPU.Build.0 = Release|Any CPU
		{F8411B87-8F40-4D86-A17D-939FEE017C56}.Debug|Any CPU.ActiveCfg = Debug|Any CPU
		{F8411B87-8F40-4D86-A17D-939FEE017C56}.Debug|Any CPU.Build.0 = Debug|Any CPU
		{F8411B87-8F40-4D86-A17D-939FEE017C56}.Release|Any CPU.ActiveCfg = Release|Any CPU
		{F8411B87-8F40-4D86-A17D-939FEE017C56}.Release|Any CPU.Build.0 = Release|Any CPU
		{5E2AD5CD-ABC6-4047-9E12-CC33664BFE31}.Debug|Any CPU.ActiveCfg = Debug|Any CPU
		{5E2AD5CD-ABC6-4047-9E12-CC33664BFE31}.Debug|Any CPU.Build.0 = Debug|Any CPU
		{5E2AD5CD-ABC6-4047-9E12-CC33664BFE31}.Release|Any CPU.ActiveCfg = Release|Any CPU
		{5E2AD5CD-ABC6-4047-9E12-CC33664BFE31}.Release|Any CPU.Build.0 = Release|Any CPU
		{462DC673-E132-4A82-B49B-EC353D25B409}.Debug|Any CPU.ActiveCfg = Debug|Any CPU
		{462DC673-E132-4A82-B49B-EC353D25B409}.Debug|Any CPU.Build.0 = Debug|Any CPU
		{462DC673-E132-4A82-B49B-EC353D25B409}.Release|Any CPU.ActiveCfg = Release|Any CPU
		{462DC673-E132-4A82-B49B-EC353D25B409}.Release|Any CPU.Build.0 = Release|Any CPU
		{7E141EE2-2A2C-43DB-97AA-BE5351E45544}.Debug|Any CPU.ActiveCfg = Debug|Any CPU
		{7E141EE2-2A2C-43DB-97AA-BE5351E45544}.Debug|Any CPU.Build.0 = Debug|Any CPU
		{7E141EE2-2A2C-43DB-97AA-BE5351E45544}.Release|Any CPU.ActiveCfg = Release|Any CPU
		{7E141EE2-2A2C-43DB-97AA-BE5351E45544}.Release|Any CPU.Build.0 = Release|Any CPU
		{BF968F20-246B-4F86-BB7B-377FD4B47A9F}.Debug|Any CPU.ActiveCfg = Debug|Any CPU
		{BF968F20-246B-4F86-BB7B-377FD4B47A9F}.Debug|Any CPU.Build.0 = Debug|Any CPU
		{BF968F20-246B-4F86-BB7B-377FD4B47A9F}.Release|Any CPU.ActiveCfg = Release|Any CPU
		{BF968F20-246B-4F86-BB7B-377FD4B47A9F}.Release|Any CPU.Build.0 = Release|Any CPU
		{B94B117E-1A32-40C6-A93D-FD7012ED8D12}.Debug|Any CPU.ActiveCfg = Debug|Any CPU
		{B94B117E-1A32-40C6-A93D-FD7012ED8D12}.Debug|Any CPU.Build.0 = Debug|Any CPU
		{B94B117E-1A32-40C6-A93D-FD7012ED8D12}.Release|Any CPU.ActiveCfg = Release|Any CPU
		{B94B117E-1A32-40C6-A93D-FD7012ED8D12}.Release|Any CPU.Build.0 = Release|Any CPU
		{D6D0CCE8-9850-4C28-A505-A1F5519FBE09}.Debug|Any CPU.ActiveCfg = Debug|Any CPU
		{D6D0CCE8-9850-4C28-A505-A1F5519FBE09}.Debug|Any CPU.Build.0 = Debug|Any CPU
		{D6D0CCE8-9850-4C28-A505-A1F5519FBE09}.Release|Any CPU.ActiveCfg = Release|Any CPU
		{D6D0CCE8-9850-4C28-A505-A1F5519FBE09}.Release|Any CPU.Build.0 = Release|Any CPU
		{20FA8D33-A964-4000-AD82-67BD6900793B}.Debug|Any CPU.ActiveCfg = Debug|Any CPU
		{20FA8D33-A964-4000-AD82-67BD6900793B}.Debug|Any CPU.Build.0 = Debug|Any CPU
		{20FA8D33-A964-4000-AD82-67BD6900793B}.Release|Any CPU.ActiveCfg = Release|Any CPU
		{20FA8D33-A964-4000-AD82-67BD6900793B}.Release|Any CPU.Build.0 = Release|Any CPU
		{17822284-7AE0-4C91-B444-CFECF4927A59}.Debug|Any CPU.ActiveCfg = Debug|Any CPU
		{17822284-7AE0-4C91-B444-CFECF4927A59}.Debug|Any CPU.Build.0 = Debug|Any CPU
		{17822284-7AE0-4C91-B444-CFECF4927A59}.Release|Any CPU.ActiveCfg = Release|Any CPU
		{17822284-7AE0-4C91-B444-CFECF4927A59}.Release|Any CPU.Build.0 = Release|Any CPU
		{EE9847E1-9C76-4ACE-B531-D3EA84F7D741}.Debug|Any CPU.ActiveCfg = Debug|Any CPU
		{EE9847E1-9C76-4ACE-B531-D3EA84F7D741}.Debug|Any CPU.Build.0 = Debug|Any CPU
		{EE9847E1-9C76-4ACE-B531-D3EA84F7D741}.Release|Any CPU.ActiveCfg = Release|Any CPU
		{EE9847E1-9C76-4ACE-B531-D3EA84F7D741}.Release|Any CPU.Build.0 = Release|Any CPU
		{AB05B30F-7DBB-4B5C-A7DA-70C215D85CA4}.Debug|Any CPU.ActiveCfg = Debug|Any CPU
		{AB05B30F-7DBB-4B5C-A7DA-70C215D85CA4}.Debug|Any CPU.Build.0 = Debug|Any CPU
		{AB05B30F-7DBB-4B5C-A7DA-70C215D85CA4}.Release|Any CPU.ActiveCfg = Release|Any CPU
		{AB05B30F-7DBB-4B5C-A7DA-70C215D85CA4}.Release|Any CPU.Build.0 = Release|Any CPU
		{5B62879D-6718-4384-B528-9A96D7EDC492}.Debug|Any CPU.ActiveCfg = Debug|Any CPU
		{5B62879D-6718-4384-B528-9A96D7EDC492}.Debug|Any CPU.Build.0 = Debug|Any CPU
		{5B62879D-6718-4384-B528-9A96D7EDC492}.Release|Any CPU.ActiveCfg = Release|Any CPU
		{5B62879D-6718-4384-B528-9A96D7EDC492}.Release|Any CPU.Build.0 = Release|Any CPU
		{BA0A7803-4A15-416E-BC93-69F5B9DFC4A5}.Debug|Any CPU.ActiveCfg = Debug|Any CPU
		{BA0A7803-4A15-416E-BC93-69F5B9DFC4A5}.Debug|Any CPU.Build.0 = Debug|Any CPU
		{BA0A7803-4A15-416E-BC93-69F5B9DFC4A5}.Release|Any CPU.ActiveCfg = Release|Any CPU
		{BA0A7803-4A15-416E-BC93-69F5B9DFC4A5}.Release|Any CPU.Build.0 = Release|Any CPU
		{A5F4EF37-7B5F-4AAE-BFF2-C2D04DB805F7}.Debug|Any CPU.ActiveCfg = Debug|Any CPU
		{A5F4EF37-7B5F-4AAE-BFF2-C2D04DB805F7}.Debug|Any CPU.Build.0 = Debug|Any CPU
		{A5F4EF37-7B5F-4AAE-BFF2-C2D04DB805F7}.Release|Any CPU.ActiveCfg = Release|Any CPU
		{A5F4EF37-7B5F-4AAE-BFF2-C2D04DB805F7}.Release|Any CPU.Build.0 = Release|Any CPU
		{F4D2EF4F-24F2-4D4A-BC93-78B0C5AD19A4}.Debug|Any CPU.ActiveCfg = Debug|Any CPU
		{F4D2EF4F-24F2-4D4A-BC93-78B0C5AD19A4}.Debug|Any CPU.Build.0 = Debug|Any CPU
		{F4D2EF4F-24F2-4D4A-BC93-78B0C5AD19A4}.Release|Any CPU.ActiveCfg = Release|Any CPU
		{F4D2EF4F-24F2-4D4A-BC93-78B0C5AD19A4}.Release|Any CPU.Build.0 = Release|Any CPU
		{1797C45C-F96B-4F95-BAAC-400910CAB473}.Debug|Any CPU.ActiveCfg = Debug|Any CPU
		{1797C45C-F96B-4F95-BAAC-400910CAB473}.Debug|Any CPU.Build.0 = Debug|Any CPU
		{1797C45C-F96B-4F95-BAAC-400910CAB473}.Release|Any CPU.ActiveCfg = Release|Any CPU
		{1797C45C-F96B-4F95-BAAC-400910CAB473}.Release|Any CPU.Build.0 = Release|Any CPU
		{4E4D006D-9C6E-47DB-908D-674E0C8D98AA}.Debug|Any CPU.ActiveCfg = Debug|Any CPU
		{4E4D006D-9C6E-47DB-908D-674E0C8D98AA}.Debug|Any CPU.Build.0 = Debug|Any CPU
		{4E4D006D-9C6E-47DB-908D-674E0C8D98AA}.Release|Any CPU.ActiveCfg = Release|Any CPU
		{4E4D006D-9C6E-47DB-908D-674E0C8D98AA}.Release|Any CPU.Build.0 = Release|Any CPU
		{BC9EE416-ABEC-4B61-801D-EBB5C699CB5D}.Debug|Any CPU.ActiveCfg = Debug|Any CPU
		{BC9EE416-ABEC-4B61-801D-EBB5C699CB5D}.Debug|Any CPU.Build.0 = Debug|Any CPU
		{BC9EE416-ABEC-4B61-801D-EBB5C699CB5D}.Release|Any CPU.ActiveCfg = Release|Any CPU
		{BC9EE416-ABEC-4B61-801D-EBB5C699CB5D}.Release|Any CPU.Build.0 = Release|Any CPU
		{74863E62-A568-4C0A-A37F-F04BFA8EB9DB}.Debug|Any CPU.ActiveCfg = Debug|Any CPU
		{74863E62-A568-4C0A-A37F-F04BFA8EB9DB}.Debug|Any CPU.Build.0 = Debug|Any CPU
		{74863E62-A568-4C0A-A37F-F04BFA8EB9DB}.Release|Any CPU.ActiveCfg = Release|Any CPU
		{74863E62-A568-4C0A-A37F-F04BFA8EB9DB}.Release|Any CPU.Build.0 = Release|Any CPU
		{25E1F71B-C9D0-4CCC-84A5-4E66A589A3CA}.Debug|Any CPU.ActiveCfg = Debug|Any CPU
		{25E1F71B-C9D0-4CCC-84A5-4E66A589A3CA}.Debug|Any CPU.Build.0 = Debug|Any CPU
		{25E1F71B-C9D0-4CCC-84A5-4E66A589A3CA}.Release|Any CPU.ActiveCfg = Release|Any CPU
		{25E1F71B-C9D0-4CCC-84A5-4E66A589A3CA}.Release|Any CPU.Build.0 = Release|Any CPU
		{EA4135BF-0FFF-4714-ACC1-DEBB8381739F}.Debug|Any CPU.ActiveCfg = Debug|Any CPU
		{EA4135BF-0FFF-4714-ACC1-DEBB8381739F}.Debug|Any CPU.Build.0 = Debug|Any CPU
		{EA4135BF-0FFF-4714-ACC1-DEBB8381739F}.Release|Any CPU.ActiveCfg = Release|Any CPU
		{EA4135BF-0FFF-4714-ACC1-DEBB8381739F}.Release|Any CPU.Build.0 = Release|Any CPU
		{560B70DE-F4D0-41A7-A684-406F08336543}.Debug|Any CPU.ActiveCfg = Debug|Any CPU
		{560B70DE-F4D0-41A7-A684-406F08336543}.Debug|Any CPU.Build.0 = Debug|Any CPU
		{560B70DE-F4D0-41A7-A684-406F08336543}.Release|Any CPU.ActiveCfg = Release|Any CPU
		{560B70DE-F4D0-41A7-A684-406F08336543}.Release|Any CPU.Build.0 = Release|Any CPU
		{7C67C96E-A683-4848-8CF5-3BC1C3DA69D2}.Debug|Any CPU.ActiveCfg = Debug|Any CPU
		{7C67C96E-A683-4848-8CF5-3BC1C3DA69D2}.Debug|Any CPU.Build.0 = Debug|Any CPU
		{7C67C96E-A683-4848-8CF5-3BC1C3DA69D2}.Release|Any CPU.ActiveCfg = Release|Any CPU
		{7C67C96E-A683-4848-8CF5-3BC1C3DA69D2}.Release|Any CPU.Build.0 = Release|Any CPU
		{24A5C384-97E7-4D8B-9146-50A74E32D728}.Debug|Any CPU.ActiveCfg = Debug|Any CPU
		{24A5C384-97E7-4D8B-9146-50A74E32D728}.Debug|Any CPU.Build.0 = Debug|Any CPU
		{24A5C384-97E7-4D8B-9146-50A74E32D728}.Release|Any CPU.ActiveCfg = Release|Any CPU
		{24A5C384-97E7-4D8B-9146-50A74E32D728}.Release|Any CPU.Build.0 = Release|Any CPU
		{F5992CBF-8E17-4EB0-B483-F1DE7993C416}.Debug|Any CPU.ActiveCfg = Debug|Any CPU
		{F5992CBF-8E17-4EB0-B483-F1DE7993C416}.Debug|Any CPU.Build.0 = Debug|Any CPU
		{F5992CBF-8E17-4EB0-B483-F1DE7993C416}.Release|Any CPU.ActiveCfg = Release|Any CPU
		{F5992CBF-8E17-4EB0-B483-F1DE7993C416}.Release|Any CPU.Build.0 = Release|Any CPU
		{4A00FD90-FF7B-4250-9CBC-B6855130090B}.Debug|Any CPU.ActiveCfg = Debug|Any CPU
		{4A00FD90-FF7B-4250-9CBC-B6855130090B}.Debug|Any CPU.Build.0 = Debug|Any CPU
		{4A00FD90-FF7B-4250-9CBC-B6855130090B}.Release|Any CPU.ActiveCfg = Release|Any CPU
		{4A00FD90-FF7B-4250-9CBC-B6855130090B}.Release|Any CPU.Build.0 = Release|Any CPU
		{BECE691C-BAC6-434B-B1F9-4D8653922585}.Debug|Any CPU.ActiveCfg = Debug|Any CPU
		{BECE691C-BAC6-434B-B1F9-4D8653922585}.Debug|Any CPU.Build.0 = Debug|Any CPU
		{BECE691C-BAC6-434B-B1F9-4D8653922585}.Release|Any CPU.ActiveCfg = Release|Any CPU
		{BECE691C-BAC6-434B-B1F9-4D8653922585}.Release|Any CPU.Build.0 = Release|Any CPU
		{BB73D940-CBD2-4F00-B246-2A25CA5ACD7E}.Debug|Any CPU.ActiveCfg = Debug|Any CPU
		{BB73D940-CBD2-4F00-B246-2A25CA5ACD7E}.Debug|Any CPU.Build.0 = Debug|Any CPU
		{BB73D940-CBD2-4F00-B246-2A25CA5ACD7E}.Release|Any CPU.ActiveCfg = Release|Any CPU
		{BB73D940-CBD2-4F00-B246-2A25CA5ACD7E}.Release|Any CPU.Build.0 = Release|Any CPU
		{C9CB5DFF-6BF8-4BC8-9148-FBC85FF5A203}.Debug|Any CPU.ActiveCfg = Debug|Any CPU
		{C9CB5DFF-6BF8-4BC8-9148-FBC85FF5A203}.Debug|Any CPU.Build.0 = Debug|Any CPU
		{C9CB5DFF-6BF8-4BC8-9148-FBC85FF5A203}.Release|Any CPU.ActiveCfg = Release|Any CPU
		{C9CB5DFF-6BF8-4BC8-9148-FBC85FF5A203}.Release|Any CPU.Build.0 = Release|Any CPU
		{FCA7BAAA-3F6E-4CA3-B354-C34AF4F1BDDD}.Debug|Any CPU.ActiveCfg = Debug|Any CPU
		{FCA7BAAA-3F6E-4CA3-B354-C34AF4F1BDDD}.Debug|Any CPU.Build.0 = Debug|Any CPU
		{FCA7BAAA-3F6E-4CA3-B354-C34AF4F1BDDD}.Release|Any CPU.ActiveCfg = Release|Any CPU
		{FCA7BAAA-3F6E-4CA3-B354-C34AF4F1BDDD}.Release|Any CPU.Build.0 = Release|Any CPU
		{5423079E-7FB8-4190-AEE1-100EF328E74E}.Debug|Any CPU.ActiveCfg = Debug|Any CPU
		{5423079E-7FB8-4190-AEE1-100EF328E74E}.Debug|Any CPU.Build.0 = Debug|Any CPU
		{5423079E-7FB8-4190-AEE1-100EF328E74E}.Release|Any CPU.ActiveCfg = Release|Any CPU
		{5423079E-7FB8-4190-AEE1-100EF328E74E}.Release|Any CPU.Build.0 = Release|Any CPU
		{701FDD1A-6B8A-4CA9-B796-AC9546233F47}.Debug|Any CPU.ActiveCfg = Debug|Any CPU
		{701FDD1A-6B8A-4CA9-B796-AC9546233F47}.Debug|Any CPU.Build.0 = Debug|Any CPU
		{701FDD1A-6B8A-4CA9-B796-AC9546233F47}.Release|Any CPU.ActiveCfg = Release|Any CPU
		{701FDD1A-6B8A-4CA9-B796-AC9546233F47}.Release|Any CPU.Build.0 = Release|Any CPU
		{E84AA17D-9F3E-4717-9191-B8BEC54A49F5}.Debug|Any CPU.ActiveCfg = Debug|Any CPU
		{E84AA17D-9F3E-4717-9191-B8BEC54A49F5}.Debug|Any CPU.Build.0 = Debug|Any CPU
		{E84AA17D-9F3E-4717-9191-B8BEC54A49F5}.Release|Any CPU.ActiveCfg = Release|Any CPU
		{E84AA17D-9F3E-4717-9191-B8BEC54A49F5}.Release|Any CPU.Build.0 = Release|Any CPU
		{87D99DD6-4C99-469E-BAF3-7D552FAFB4D6}.Debug|Any CPU.ActiveCfg = Debug|Any CPU
		{87D99DD6-4C99-469E-BAF3-7D552FAFB4D6}.Debug|Any CPU.Build.0 = Debug|Any CPU
		{87D99DD6-4C99-469E-BAF3-7D552FAFB4D6}.Release|Any CPU.ActiveCfg = Release|Any CPU
		{87D99DD6-4C99-469E-BAF3-7D552FAFB4D6}.Release|Any CPU.Build.0 = Release|Any CPU
		{1F1BD28D-3EB3-4102-9F7A-7D64D90CF676}.Debug|Any CPU.ActiveCfg = Debug|Any CPU
		{1F1BD28D-3EB3-4102-9F7A-7D64D90CF676}.Debug|Any CPU.Build.0 = Debug|Any CPU
		{1F1BD28D-3EB3-4102-9F7A-7D64D90CF676}.Release|Any CPU.ActiveCfg = Release|Any CPU
		{1F1BD28D-3EB3-4102-9F7A-7D64D90CF676}.Release|Any CPU.Build.0 = Release|Any CPU
		{ADCF2136-B5C7-422A-9D3A-E17CE906AED4}.Debug|Any CPU.ActiveCfg = Debug|Any CPU
		{ADCF2136-B5C7-422A-9D3A-E17CE906AED4}.Debug|Any CPU.Build.0 = Debug|Any CPU
		{ADCF2136-B5C7-422A-9D3A-E17CE906AED4}.Release|Any CPU.ActiveCfg = Release|Any CPU
		{ADCF2136-B5C7-422A-9D3A-E17CE906AED4}.Release|Any CPU.Build.0 = Release|Any CPU
		{1C94030F-3769-489D-BFFD-E2240031205B}.Debug|Any CPU.ActiveCfg = Debug|Any CPU
		{1C94030F-3769-489D-BFFD-E2240031205B}.Debug|Any CPU.Build.0 = Debug|Any CPU
		{1C94030F-3769-489D-BFFD-E2240031205B}.Release|Any CPU.ActiveCfg = Release|Any CPU
		{1C94030F-3769-489D-BFFD-E2240031205B}.Release|Any CPU.Build.0 = Release|Any CPU
		{30DFE690-F6D2-4B58-9793-6F6C2456ED07}.Debug|Any CPU.ActiveCfg = Debug|Any CPU
		{30DFE690-F6D2-4B58-9793-6F6C2456ED07}.Debug|Any CPU.Build.0 = Debug|Any CPU
		{30DFE690-F6D2-4B58-9793-6F6C2456ED07}.Release|Any CPU.ActiveCfg = Release|Any CPU
		{30DFE690-F6D2-4B58-9793-6F6C2456ED07}.Release|Any CPU.Build.0 = Release|Any CPU
		{E7AECA93-E30C-4990-AC36-3AF7C187BA08}.Debug|Any CPU.ActiveCfg = Debug|Any CPU
		{E7AECA93-E30C-4990-AC36-3AF7C187BA08}.Debug|Any CPU.Build.0 = Debug|Any CPU
		{E7AECA93-E30C-4990-AC36-3AF7C187BA08}.Release|Any CPU.ActiveCfg = Release|Any CPU
		{E7AECA93-E30C-4990-AC36-3AF7C187BA08}.Release|Any CPU.Build.0 = Release|Any CPU
		{75E03D31-12B1-446C-A8A1-92924568AC8E}.Debug|Any CPU.ActiveCfg = Debug|Any CPU
		{75E03D31-12B1-446C-A8A1-92924568AC8E}.Debug|Any CPU.Build.0 = Debug|Any CPU
		{75E03D31-12B1-446C-A8A1-92924568AC8E}.Release|Any CPU.ActiveCfg = Release|Any CPU
		{75E03D31-12B1-446C-A8A1-92924568AC8E}.Release|Any CPU.Build.0 = Release|Any CPU
		{BFD23A13-90D3-46FC-8EAB-78664F4FB37D}.Debug|Any CPU.ActiveCfg = Debug|Any CPU
		{BFD23A13-90D3-46FC-8EAB-78664F4FB37D}.Debug|Any CPU.Build.0 = Debug|Any CPU
		{BFD23A13-90D3-46FC-8EAB-78664F4FB37D}.Release|Any CPU.ActiveCfg = Release|Any CPU
		{BFD23A13-90D3-46FC-8EAB-78664F4FB37D}.Release|Any CPU.Build.0 = Release|Any CPU
		{93A69ABD-71DA-44BD-A102-E8034F6CE9C0}.Debug|Any CPU.ActiveCfg = Debug|Any CPU
		{93A69ABD-71DA-44BD-A102-E8034F6CE9C0}.Debug|Any CPU.Build.0 = Debug|Any CPU
		{93A69ABD-71DA-44BD-A102-E8034F6CE9C0}.Release|Any CPU.ActiveCfg = Release|Any CPU
		{93A69ABD-71DA-44BD-A102-E8034F6CE9C0}.Release|Any CPU.Build.0 = Release|Any CPU
		{DE00BA97-4ABF-443A-82B2-2D2947DAA0B4}.Debug|Any CPU.ActiveCfg = Debug|Any CPU
		{DE00BA97-4ABF-443A-82B2-2D2947DAA0B4}.Debug|Any CPU.Build.0 = Debug|Any CPU
		{DE00BA97-4ABF-443A-82B2-2D2947DAA0B4}.Release|Any CPU.ActiveCfg = Release|Any CPU
		{DE00BA97-4ABF-443A-82B2-2D2947DAA0B4}.Release|Any CPU.Build.0 = Release|Any CPU
	EndGlobalSection
	GlobalSection(SolutionProperties) = preSolution
		HideSolutionNode = FALSE
	EndGlobalSection
	GlobalSection(NestedProjects) = preSolution
		{EE9847E1-9C76-4ACE-B531-D3EA84F7D741} = {FD49F3A5-CFFD-4CE2-862A-FA479A2960F8}
		{AB05B30F-7DBB-4B5C-A7DA-70C215D85CA4} = {FD49F3A5-CFFD-4CE2-862A-FA479A2960F8}
		{F8411B87-8F40-4D86-A17D-939FEE017C56} = {FD49F3A5-CFFD-4CE2-862A-FA479A2960F8}
		{5E2AD5CD-ABC6-4047-9E12-CC33664BFE31} = {FD49F3A5-CFFD-4CE2-862A-FA479A2960F8}
		{BA0A7803-4A15-416E-BC93-69F5B9DFC4A5} = {FD49F3A5-CFFD-4CE2-862A-FA479A2960F8}
		{68AA6280-09EF-4325-B5F8-B8A967004144} = {FD49F3A5-CFFD-4CE2-862A-FA479A2960F8}
		{5B62879D-6718-4384-B528-9A96D7EDC492} = {FD49F3A5-CFFD-4CE2-862A-FA479A2960F8}
		{138A40B5-3D80-4BA3-BD84-D82C151EE7FE} = {FD49F3A5-CFFD-4CE2-862A-FA479A2960F8}
		{B528E84A-12F3-4981-B749-B3FE19937345} = {FD49F3A5-CFFD-4CE2-862A-FA479A2960F8}
		{8F701B0D-48B6-45CF-85E0-286BD53328BA} = {9727C333-76AB-4E0D-96BD-D3EF8BD7F1D9}
		{F4D2EF4F-24F2-4D4A-BC93-78B0C5AD19A4} = {9727C333-76AB-4E0D-96BD-D3EF8BD7F1D9}
		{B7E2C5AF-3EE2-4820-B2AE-62BC8D0FB7AC} = {9727C333-76AB-4E0D-96BD-D3EF8BD7F1D9}
		{CC533B9B-FC08-411A-B02D-9BB0E2DD90EC} = {9727C333-76AB-4E0D-96BD-D3EF8BD7F1D9}
		{CC65E69E-FAFD-4C2B-85EB-5E57FD3AF847} = {C7A03131-3FB5-4AF2-9210-DC2185DB7173}
		{4E4D006D-9C6E-47DB-908D-674E0C8D98AA} = {C7A03131-3FB5-4AF2-9210-DC2185DB7173}
		{92242E5E-5077-48B8-8D8B-AE7108C46FF9} = {C7A03131-3FB5-4AF2-9210-DC2185DB7173}
		{5D28C1B5-43AD-4E69-840D-B068C3844589} = {C7A03131-3FB5-4AF2-9210-DC2185DB7173}
		{1CF6EC3F-26C6-45E8-A3D1-8804C298BBCD} = {C7A03131-3FB5-4AF2-9210-DC2185DB7173}
		{E4440567-3D5D-4670-AB49-8163B18E302E} = {127D4D6C-855E-41B4-8779-4A01110F73C8}
		{981FA2AC-78DC-4597-A2B3-63AE8502FDB2} = {127D4D6C-855E-41B4-8779-4A01110F73C8}
		{A5F4EF37-7B5F-4AAE-BFF2-C2D04DB805F7} = {28F6F5A7-3DE1-4B6A-94BD-2372E2FFF600}
		{BC9EE416-ABEC-4B61-801D-EBB5C699CB5D} = {C102BE03-F394-4CCD-82BF-9AA30D86E525}
		{D0C8456F-A4AC-4B6E-92AB-F71B0D19B01C} = {C102BE03-F394-4CCD-82BF-9AA30D86E525}
		{27487228-2ADB-447B-95D3-6F6053999281} = {C102BE03-F394-4CCD-82BF-9AA30D86E525}
		{70773E53-5D8E-4218-8AFA-0A07E48FD4A2} = {C102BE03-F394-4CCD-82BF-9AA30D86E525}
		{5231706E-2955-43BF-9C06-291E12AF5C5C} = {48B38120-CE1D-4C56-8516-486F2FDA01B4}
		{74863E62-A568-4C0A-A37F-F04BFA8EB9DB} = {48B38120-CE1D-4C56-8516-486F2FDA01B4}
		{1797C45C-F96B-4F95-BAAC-400910CAB473} = {48B38120-CE1D-4C56-8516-486F2FDA01B4}
		{7C7FA004-D9FB-4B55-9E88-6FB8716B7A1F} = {48B38120-CE1D-4C56-8516-486F2FDA01B4}
		{DC3AA434-09B9-43AD-8F43-431811FA054D} = {77E03106-2742-4390-8FE4-74F42FD2B8F4}
		{C983D137-8B7F-47BE-996E-894A3596DD06} = {77E03106-2742-4390-8FE4-74F42FD2B8F4}
		{732E8F5E-0633-40FE-9AD3-FFE4E9971696} = {77E03106-2742-4390-8FE4-74F42FD2B8F4}
		{7DF79C3C-85F2-4068-97D8-B25C9173CD14} = {77E03106-2742-4390-8FE4-74F42FD2B8F4}
		{24A5C384-97E7-4D8B-9146-50A74E32D728} = {FE5F87EC-39F3-4366-92C8-E24811745B6D}
		{7C67C96E-A683-4848-8CF5-3BC1C3DA69D2} = {FE5F87EC-39F3-4366-92C8-E24811745B6D}
		{BAE8830E-5F62-48D6-B772-C4B1E8665FB3} = {6985F5AC-EAA4-4422-8042-48125193F665}
		{BF968F20-246B-4F86-BB7B-377FD4B47A9F} = {6985F5AC-EAA4-4422-8042-48125193F665}
		{D0AAD622-ED82-40E5-88A9-980EAFC12C16} = {6985F5AC-EAA4-4422-8042-48125193F665}
		{BD8A80E2-A313-437E-B0EF-FC0B066280A7} = {6985F5AC-EAA4-4422-8042-48125193F665}
		{462DC673-E132-4A82-B49B-EC353D25B409} = {428AD5BA-3688-4E01-A924-CFAC43F7F38C}
		{7E141EE2-2A2C-43DB-97AA-BE5351E45544} = {428AD5BA-3688-4E01-A924-CFAC43F7F38C}
		{BDDB4AA4-5D31-43B3-9A3B-BF3030EDE927} = {8A7231A5-CEC0-4C12-AB18-19EDCF358842}
		{F5992CBF-8E17-4EB0-B483-F1DE7993C416} = {8A7231A5-CEC0-4C12-AB18-19EDCF358842}
		{E84AA17D-9F3E-4717-9191-B8BEC54A49F5} = {8A7231A5-CEC0-4C12-AB18-19EDCF358842}
		{4A00FD90-FF7B-4250-9CBC-B6855130090B} = {8A7231A5-CEC0-4C12-AB18-19EDCF358842}
		{75E03D31-12B1-446C-A8A1-92924568AC8E} = {8A7231A5-CEC0-4C12-AB18-19EDCF358842}
		{BFD23A13-90D3-46FC-8EAB-78664F4FB37D} = {8A7231A5-CEC0-4C12-AB18-19EDCF358842}
		{93A69ABD-71DA-44BD-A102-E8034F6CE9C0} = {8A7231A5-CEC0-4C12-AB18-19EDCF358842}
		{DE00BA97-4ABF-443A-82B2-2D2947DAA0B4} = {8A7231A5-CEC0-4C12-AB18-19EDCF358842}
		{701FDD1A-6B8A-4CA9-B796-AC9546233F47} = {8A7231A5-CEC0-4C12-AB18-19EDCF358842}
		{87D99DD6-4C99-469E-BAF3-7D552FAFB4D6} = {8A7231A5-CEC0-4C12-AB18-19EDCF358842}
		{BECE691C-BAC6-434B-B1F9-4D8653922585} = {8A7231A5-CEC0-4C12-AB18-19EDCF358842}
		{1F1BD28D-3EB3-4102-9F7A-7D64D90CF676} = {8A7231A5-CEC0-4C12-AB18-19EDCF358842}
		{BB73D940-CBD2-4F00-B246-2A25CA5ACD7E} = {8A7231A5-CEC0-4C12-AB18-19EDCF358842}
		{ADCF2136-B5C7-422A-9D3A-E17CE906AED4} = {8A7231A5-CEC0-4C12-AB18-19EDCF358842}
		{C9CB5DFF-6BF8-4BC8-9148-FBC85FF5A203} = {8A7231A5-CEC0-4C12-AB18-19EDCF358842}
		{1C94030F-3769-489D-BFFD-E2240031205B} = {8A7231A5-CEC0-4C12-AB18-19EDCF358842}
		{FCA7BAAA-3F6E-4CA3-B354-C34AF4F1BDDD} = {8A7231A5-CEC0-4C12-AB18-19EDCF358842}
		{30DFE690-F6D2-4B58-9793-6F6C2456ED07} = {8A7231A5-CEC0-4C12-AB18-19EDCF358842}
		{D24FD291-F379-4AA1-9C0E-D664EBBECBC9} = {8A7231A5-CEC0-4C12-AB18-19EDCF358842}
		{5423079E-7FB8-4190-AEE1-100EF328E74E} = {8A7231A5-CEC0-4C12-AB18-19EDCF358842}
		{E7AECA93-E30C-4990-AC36-3AF7C187BA08} = {8A7231A5-CEC0-4C12-AB18-19EDCF358842}
		{75BB4C75-DE36-47B3-9910-10EA8E8973B7} = {1513702F-147E-46FB-9962-DDBAEB16082C}
		{E9A37628-13C4-467D-A802-D517A89920C3} = {1513702F-147E-46FB-9962-DDBAEB16082C}
		{17822284-7AE0-4C91-B444-CFECF4927A59} = {FE5F87EC-39F3-4366-92C8-E24811745B6D}
		{D6D0CCE8-9850-4C28-A505-A1F5519FBE09} = {4DAA45A5-E381-4C89-81F3-071BEA82B158}
		{07E9D341-4B22-48FE-B921-5D18D3AB2C49} = {31B1FF54-BD73-4215-B021-9ABFAC705FBE}
		{25E1F71B-C9D0-4CCC-84A5-4E66A589A3CA} = {FE5F87EC-39F3-4366-92C8-E24811745B6D}
	EndGlobalSection
EndGlobal
